
Microsoft Visual Studio Solution File, Format Version 12.00
# Visual Studio Version 16
VisualStudioVersion = 16.0.30104.148
MinimumVisualStudioVersion = 10.0.40219.1
Project("{FAE04EC0-301F-11D3-BF4B-00C04F79EFBC}") = "1_SetupSelenium", "1_SetupSelenium\1_SetupSelenium.csproj", "{D2574316-A2E6-4621-B9FA-299C8F91259B}"
EndProject
Project("{FAE04EC0-301F-11D3-BF4B-00C04F79EFBC}") = "2_PressButton", "2_PressButton\2_PressButton.csproj", "{98B347A8-DDB3-4B75-B9A2-173BF949E26B}"
EndProject
Global
	GlobalSection(SolutionConfigurationPlatforms) = preSolution
		Debug|Any CPU = Debug|Any CPU
		Release|Any CPU = Release|Any CPU
	EndGlobalSection
	GlobalSection(ProjectConfigurationPlatforms) = postSolution
		{D2574316-A2E6-4621-B9FA-299C8F91259B}.Debug|Any CPU.ActiveCfg = Debug|Any CPU
		{D2574316-A2E6-4621-B9FA-299C8F91259B}.Debug|Any CPU.Build.0 = Debug|Any CPU
		{D2574316-A2E6-4621-B9FA-299C8F91259B}.Release|Any CPU.ActiveCfg = Release|Any CPU
		{D2574316-A2E6-4621-B9FA-299C8F91259B}.Release|Any CPU.Build.0 = Release|Any CPU
		{98B347A8-DDB3-4B75-B9A2-173BF949E26B}.Debug|Any CPU.ActiveCfg = Debug|Any CPU
		{98B347A8-DDB3-4B75-B9A2-173BF949E26B}.Debug|Any CPU.Build.0 = Debug|Any CPU
		{98B347A8-DDB3-4B75-B9A2-173BF949E26B}.Release|Any CPU.ActiveCfg = Release|Any CPU
		{98B347A8-DDB3-4B75-B9A2-173BF949E26B}.Release|Any CPU.Build.0 = Release|Any CPU
	EndGlobalSection
	GlobalSection(SolutionProperties) = preSolution
		HideSolutionNode = FALSE
	EndGlobalSection
	GlobalSection(ExtensibilityGlobals) = postSolution
		SolutionGuid = {BA3FD6CB-3B0E-4237-9645-71CFA5A83068}
	EndGlobalSection
EndGlobal
