
Microsoft Visual Studio Solution File, Format Version 12.00
# Visual Studio Version 16
VisualStudioVersion = 16.0.30104.148
MinimumVisualStudioVersion = 10.0.40219.1
Project("{FAE04EC0-301F-11D3-BF4B-00C04F79EFBC}") = "4_FindElements", "4_FindElements\4_FindElements.csproj", "{6C7A4BFF-C8B5-4E01-85CB-0C2037D0D3F6}"
EndProject
Global
	GlobalSection(SolutionConfigurationPlatforms) = preSolution
		Debug|Any CPU = Debug|Any CPU
		Release|Any CPU = Release|Any CPU
	EndGlobalSection
	GlobalSection(ProjectConfigurationPlatforms) = postSolution
		{6C7A4BFF-C8B5-4E01-85CB-0C2037D0D3F6}.Debug|Any CPU.ActiveCfg = Debug|Any CPU
		{6C7A4BFF-C8B5-4E01-85CB-0C2037D0D3F6}.Debug|Any CPU.Build.0 = Debug|Any CPU
		{6C7A4BFF-C8B5-4E01-85CB-0C2037D0D3F6}.Release|Any CPU.ActiveCfg = Release|Any CPU
		{6C7A4BFF-C8B5-4E01-85CB-0C2037D0D3F6}.Release|Any CPU.Build.0 = Release|Any CPU
	EndGlobalSection
	GlobalSection(SolutionProperties) = preSolution
		HideSolutionNode = FALSE
	EndGlobalSection
	GlobalSection(ExtensibilityGlobals) = postSolution
		SolutionGuid = {064C19D4-8856-4DE3-AF83-367C36E70F1D}
	EndGlobalSection
EndGlobal
