
Microsoft Visual Studio Solution File, Format Version 12.00
# Visual Studio Version 16
VisualStudioVersion = 16.0.30104.148
MinimumVisualStudioVersion = 10.0.40219.1
Project("{FAE04EC0-301F-11D3-BF4B-00C04F79EFBC}") = "3_WebElementCommands", "3_WebElementCommands\3_WebElementCommands.csproj", "{AD8DFD87-1CA0-4A5A-A1E9-0EF1945DDD8D}"
EndProject
Global
	GlobalSection(SolutionConfigurationPlatforms) = preSolution
		Debug|Any CPU = Debug|Any CPU
		Release|Any CPU = Release|Any CPU
	EndGlobalSection
	GlobalSection(ProjectConfigurationPlatforms) = postSolution
		{AD8DFD87-1CA0-4A5A-A1E9-0EF1945DDD8D}.Debug|Any CPU.ActiveCfg = Debug|Any CPU
		{AD8DFD87-1CA0-4A5A-A1E9-0EF1945DDD8D}.Debug|Any CPU.Build.0 = Debug|Any CPU
		{AD8DFD87-1CA0-4A5A-A1E9-0EF1945DDD8D}.Release|Any CPU.ActiveCfg = Release|Any CPU
		{AD8DFD87-1CA0-4A5A-A1E9-0EF1945DDD8D}.Release|Any CPU.Build.0 = Release|Any CPU
	EndGlobalSection
	GlobalSection(SolutionProperties) = preSolution
		HideSolutionNode = FALSE
	EndGlobalSection
	GlobalSection(ExtensibilityGlobals) = postSolution
		SolutionGuid = {665609BD-A518-4754-8B45-E95A27BC3DAD}
	EndGlobalSection
EndGlobal
