
Microsoft Visual Studio Solution File, Format Version 12.00
# Visual Studio Version 16
VisualStudioVersion = 16.0.30204.135
MinimumVisualStudioVersion = 10.0.40219.1
Project("{FAE04EC0-301F-11D3-BF4B-00C04F79EFBC}") = "8_ImplicitWaitCommand", "8_ImplicitWaitCommand\8_ImplicitWaitCommand.csproj", "{40165408-2CB8-4C3E-92C0-33DC0794AAD1}"
EndProject
Global
	GlobalSection(SolutionConfigurationPlatforms) = preSolution
		Debug|Any CPU = Debug|Any CPU
		Release|Any CPU = Release|Any CPU
	EndGlobalSection
	GlobalSection(ProjectConfigurationPlatforms) = postSolution
		{40165408-2CB8-4C3E-92C0-33DC0794AAD1}.Debug|Any CPU.ActiveCfg = Debug|Any CPU
		{40165408-2CB8-4C3E-92C0-33DC0794AAD1}.Debug|Any CPU.Build.0 = Debug|Any CPU
		{40165408-2CB8-4C3E-92C0-33DC0794AAD1}.Release|Any CPU.ActiveCfg = Release|Any CPU
		{40165408-2CB8-4C3E-92C0-33DC0794AAD1}.Release|Any CPU.Build.0 = Release|Any CPU
	EndGlobalSection
	GlobalSection(SolutionProperties) = preSolution
		HideSolutionNode = FALSE
	EndGlobalSection
	GlobalSection(ExtensibilityGlobals) = postSolution
		SolutionGuid = {D5EDC20B-D8D8-4D10-BD45-170384278973}
	EndGlobalSection
EndGlobal
